# This file was autogenerated by uv via the following command:
#    uv pip compile backend/pyproject.toml --universal --output-file backend/requirements.lock
alembic==1.20.0
    # via visa-selfie-api (backend/pyproject.toml)
annotated-doc==0.0.5
    # via fastapi
annotated-types==0.8.0
    # via pydantic
anyio==4.15.1
    # via
    #   starlette
    #   watchfiles
argon2-cffi==25.1.0
    # via pwdlib
argon2-cffi-bindings==26.1.0
    # via argon2-cffi
boto3==1.43.105
    # via visa-selfie-api (backend/pyproject.toml)
botocore==1.43.105
    # via
    #   boto3
    #   s3transfer
cffi==2.1.1
    # via argon2-cffi-bindings
click==8.5.0
    # via uvicorn
deprecated==3.0.0
    # via limits
dnspython==2.8.0
    # via email-validator
email-validator==2.3.0
    # via visa-selfie-api (backend/pyproject.toml)
fastapi==0.142.0
    # via visa-selfie-api (backend/pyproject.toml)
greenlet==3.5.6 ; platform_machine == 'AMD64' or platform_machine == 'WIN32' or platform_machine == 'aarch64' or platform_machine == 'amd64' or platform_machine == 'ppc64le' or platform_machine == 'win32' or platform_machine == 'x86_64'
    # via sqlalchemy
h11==0.16.0
    # via uvicorn
httptools==0.8.0
    # via uvicorn
idna==3.20
    # via
    #   anyio
    #   email-validator
jmespath==1.1.0
    # via
    #   boto3
    #   botocore
limits==5.8.0
    # via slowapi
mako==1.4.3
    # via alembic
markupsafe==3.0.3
    # via mako
opentelemetry-api==1.45.0
    # via fastapi
packaging==26.3
    # via limits
psycopg==3.3.6
    # via visa-selfie-api (backend/pyproject.toml)
psycopg-binary==3.3.6 ; implementation_name != 'pypy'
    # via psycopg
pwdlib==0.3.1
    # via visa-selfie-api (backend/pyproject.toml)
pycparser==3.0 ; implementation_name != 'PyPy'
    # via cffi
pydantic==2.13.5
    # via
    #   fastapi
    #   pydantic-settings
pydantic-core==2.46.5
    # via pydantic
pydantic-settings==2.15.0
    # via visa-selfie-api (backend/pyproject.toml)
python-dateutil==2.9.0.post0
    # via botocore
python-dotenv==1.2.3
    # via
    #   pydantic-settings
    #   uvicorn
pyyaml==6.0.3
    # via uvicorn
s3transfer==0.19.2
    # via boto3
six==1.17.0
    # via python-dateutil
slowapi==0.1.10
    # via visa-selfie-api (backend/pyproject.toml)
sqlalchemy==2.0.54
    # via
    #   visa-selfie-api (backend/pyproject.toml)
    #   alembic
starlette==1.7.0
    # via fastapi
typing-extensions==4.16.0
    # via
    #   alembic
    #   anyio
    #   fastapi
    #   limits
    #   opentelemetry-api
    #   psycopg
    #   pydantic
    #   pydantic-core
    #   sqlalchemy
    #   starlette
    #   typing-inspection
typing-inspection==0.4.4
    # via
    #   fastapi
    #   pydantic
    #   pydantic-settings
tzdata==2026.4 ; sys_platform == 'win32'
    # via psycopg
urllib3==2.8.0
    # via botocore
uvicorn==0.54.0
    # via visa-selfie-api (backend/pyproject.toml)
uvloop==0.22.1 ; platform_python_implementation != 'PyPy' and sys_platform != 'cygwin' and sys_platform != 'win32'
    # via uvicorn
watchfiles==1.3.0
    # via uvicorn
websockets==17.1
    # via uvicorn
wrapt==2.5.0
    # via deprecated
